
Microsoft Visual Studio Solution File, Format Version 12.00
# Visual Studio Version 17
VisualStudioVersion = 17.0.31903.59
MinimumVisualStudioVersion = 10.0.40219.1
Project("{9A19103F-16F7-4668-BE54-9A1E7A4F7556}") = "GrillBot.Core", "GrillBot.Core\GrillBot.Core.csproj", "{5EF71AA7-0C51-4A02-A469-8A8861B40128}"
EndProject
Project("{9A19103F-16F7-4668-BE54-9A1E7A4F7556}") = "GrillBot.Core.Tests", "GrillBot.Core.Tests\GrillBot.Core.Tests.csproj", "{84ADA844-3A9D-4635-B006-7148B3D7A05B}"
EndProject
Project("{9A19103F-16F7-4668-BE54-9A1E7A4F7556}") = "GrillBot.Core.Services", "GrillBot.Core.Services\GrillBot.Core.Services.csproj", "{FF70567E-0805-4712-9137-3FA8B5A0480F}"
EndProject
Project("{9A19103F-16F7-4668-BE54-9A1E7A4F7556}") = "GrillBot.Core.RabbitMQ", "GrillBot.Core.RabbitMQ\GrillBot.Core.RabbitMQ.csproj", "{8B2DBDCE-DA23-42C4-8BEA-90A3909FFA56}"
EndProject
Project("{9A19103F-16F7-4668-BE54-9A1E7A4F7556}") = "GrillBot.Core.Redis", "GrillBot.Core.Redis\GrillBot.Core.Redis.csproj", "{CA03F25C-9811-4436-9518-C634C27476D4}"
EndProject
Project("{9A19103F-16F7-4668-BE54-9A1E7A4F7556}") = "GrillBot.Core.Redis.Tests", "GrillBot.Core.Redis.Tests\GrillBot.Core.Redis.Tests.csproj", "{9C898C46-CD6D-463E-A837-1C4A314FE15A}"
EndProject
Project("{9A19103F-16F7-4668-BE54-9A1E7A4F7556}") = "GrillBot.Core.Tests.Shared", "GrillBot.Core.Tests.Shared\GrillBot.Core.Tests.Shared.csproj", "{9862281D-0E24-4DE9-8A86-CF80C0D663EA}"
EndProject
Project("{2150E333-8FDC-42A3-9474-1A3956D46DE8}") = "test", "test", "{E93C1443-C17D-46F9-9A63-4B08EB381E46}"
EndProject
Project("{9A19103F-16F7-4668-BE54-9A1E7A4F7556}") = "GrillBot.Core.Metrics", "GrillBot.Core.Metrics\GrillBot.Core.Metrics.csproj", "{0D699C02-2597-4016-99BB-28B74688979A}"
EndProject
Project("{FAE04EC0-301F-11D3-BF4B-00C04F79EFBC}") = "GrillBot.Core.RabbitMQ.V2", "GrillBot.Core.RabbitMQ.V2\GrillBot.Core.RabbitMQ.V2.csproj", "{52DBF003-16EA-4D4D-9AD8-5314C171FBA5}"
EndProject
Global
	GlobalSection(SolutionConfigurationPlatforms) = preSolution
		Debug|Any CPU = Debug|Any CPU
		Release|Any CPU = Release|Any CPU
	EndGlobalSection
	GlobalSection(ProjectConfigurationPlatforms) = postSolution
		{5EF71AA7-0C51-4A02-A469-8A8861B40128}.Debug|Any CPU.ActiveCfg = Debug|Any CPU
		{5EF71AA7-0C51-4A02-A469-8A8861B40128}.Debug|Any CPU.Build.0 = Debug|Any CPU
		{5EF71AA7-0C51-4A02-A469-8A8861B40128}.Release|Any CPU.ActiveCfg = Release|Any CPU
		{5EF71AA7-0C51-4A02-A469-8A8861B40128}.Release|Any CPU.Build.0 = Release|Any CPU
		{84ADA844-3A9D-4635-B006-7148B3D7A05B}.Debug|Any CPU.ActiveCfg = Debug|Any CPU
		{84ADA844-3A9D-4635-B006-7148B3D7A05B}.Debug|Any CPU.Build.0 = Debug|Any CPU
		{84ADA844-3A9D-4635-B006-7148B3D7A05B}.Release|Any CPU.ActiveCfg = Release|Any CPU
		{84ADA844-3A9D-4635-B006-7148B3D7A05B}.Release|Any CPU.Build.0 = Release|Any CPU
		{FF70567E-0805-4712-9137-3FA8B5A0480F}.Debug|Any CPU.ActiveCfg = Debug|Any CPU
		{FF70567E-0805-4712-9137-3FA8B5A0480F}.Debug|Any CPU.Build.0 = Debug|Any CPU
		{FF70567E-0805-4712-9137-3FA8B5A0480F}.Release|Any CPU.ActiveCfg = Release|Any CPU
		{FF70567E-0805-4712-9137-3FA8B5A0480F}.Release|Any CPU.Build.0 = Release|Any CPU
		{8B2DBDCE-DA23-42C4-8BEA-90A3909FFA56}.Debug|Any CPU.ActiveCfg = Debug|Any CPU
		{8B2DBDCE-DA23-42C4-8BEA-90A3909FFA56}.Debug|Any CPU.Build.0 = Debug|Any CPU
		{8B2DBDCE-DA23-42C4-8BEA-90A3909FFA56}.Release|Any CPU.ActiveCfg = Release|Any CPU
		{8B2DBDCE-DA23-42C4-8BEA-90A3909FFA56}.Release|Any CPU.Build.0 = Release|Any CPU
		{CA03F25C-9811-4436-9518-C634C27476D4}.Debug|Any CPU.ActiveCfg = Debug|Any CPU
		{CA03F25C-9811-4436-9518-C634C27476D4}.Debug|Any CPU.Build.0 = Debug|Any CPU
		{CA03F25C-9811-4436-9518-C634C27476D4}.Release|Any CPU.ActiveCfg = Release|Any CPU
		{CA03F25C-9811-4436-9518-C634C27476D4}.Release|Any CPU.Build.0 = Release|Any CPU
		{9C898C46-CD6D-463E-A837-1C4A314FE15A}.Debug|Any CPU.ActiveCfg = Debug|Any CPU
		{9C898C46-CD6D-463E-A837-1C4A314FE15A}.Debug|Any CPU.Build.0 = Debug|Any CPU
		{9C898C46-CD6D-463E-A837-1C4A314FE15A}.Release|Any CPU.ActiveCfg = Release|Any CPU
		{9C898C46-CD6D-463E-A837-1C4A314FE15A}.Release|Any CPU.Build.0 = Release|Any CPU
		{9862281D-0E24-4DE9-8A86-CF80C0D663EA}.Debug|Any CPU.ActiveCfg = Debug|Any CPU
		{9862281D-0E24-4DE9-8A86-CF80C0D663EA}.Debug|Any CPU.Build.0 = Debug|Any CPU
		{9862281D-0E24-4DE9-8A86-CF80C0D663EA}.Release|Any CPU.ActiveCfg = Release|Any CPU
		{9862281D-0E24-4DE9-8A86-CF80C0D663EA}.Release|Any CPU.Build.0 = Release|Any CPU
		{0D699C02-2597-4016-99BB-28B74688979A}.Debug|Any CPU.ActiveCfg = Debug|Any CPU
		{0D699C02-2597-4016-99BB-28B74688979A}.Debug|Any CPU.Build.0 = Debug|Any CPU
		{0D699C02-2597-4016-99BB-28B74688979A}.Release|Any CPU.ActiveCfg = Release|Any CPU
		{0D699C02-2597-4016-99BB-28B74688979A}.Release|Any CPU.Build.0 = Release|Any CPU
		{52DBF003-16EA-4D4D-9AD8-5314C171FBA5}.Debug|Any CPU.ActiveCfg = Debug|Any CPU
		{52DBF003-16EA-4D4D-9AD8-5314C171FBA5}.Debug|Any CPU.Build.0 = Debug|Any CPU
		{52DBF003-16EA-4D4D-9AD8-5314C171FBA5}.Release|Any CPU.ActiveCfg = Release|Any CPU
		{52DBF003-16EA-4D4D-9AD8-5314C171FBA5}.Release|Any CPU.Build.0 = Release|Any CPU
	EndGlobalSection
	GlobalSection(SolutionProperties) = preSolution
		HideSolutionNode = FALSE
	EndGlobalSection
	GlobalSection(NestedProjects) = preSolution
		{84ADA844-3A9D-4635-B006-7148B3D7A05B} = {E93C1443-C17D-46F9-9A63-4B08EB381E46}
		{9C898C46-CD6D-463E-A837-1C4A314FE15A} = {E93C1443-C17D-46F9-9A63-4B08EB381E46}
		{9862281D-0E24-4DE9-8A86-CF80C0D663EA} = {E93C1443-C17D-46F9-9A63-4B08EB381E46}
	EndGlobalSection
	GlobalSection(ExtensibilityGlobals) = postSolution
		SolutionGuid = {F2126920-802D-4561-B18D-BB1C35AE37C1}
	EndGlobalSection
EndGlobal
